
Microsoft Visual Studio Solution File, Format Version 12.00
# Visual Studio 15
VisualStudioVersion = 15.0.26730.16
MinimumVisualStudioVersion = 10.0.40219.1
Project("{FAE04EC0-301F-11D3-BF4B-00C04F79EFBC}") = "sendMail", "sendMail\sendMail.csproj", "{E612FE82-B12A-4FC3-8F5B-FA833D8EF72C}"
EndProject
Global
	GlobalSection(SolutionConfigurationPlatforms) = preSolution
		Debug|Any CPU = Debug|Any CPU
		Release|Any CPU = Release|Any CPU
	EndGlobalSection
	GlobalSection(ProjectConfigurationPlatforms) = postSolution
		{E612FE82-B12A-4FC3-8F5B-FA833D8EF72C}.Debug|Any CPU.ActiveCfg = Debug|Any CPU
		{E612FE82-B12A-4FC3-8F5B-FA833D8EF72C}.Debug|Any CPU.Build.0 = Debug|Any CPU
		{E612FE82-B12A-4FC3-8F5B-FA833D8EF72C}.Release|Any CPU.ActiveCfg = Release|Any CPU
		{E612FE82-B12A-4FC3-8F5B-FA833D8EF72C}.Release|Any CPU.Build.0 = Release|Any CPU
	EndGlobalSection
	GlobalSection(SolutionProperties) = preSolution
		HideSolutionNode = FALSE
	EndGlobalSection
	GlobalSection(ExtensibilityGlobals) = postSolution
		SolutionGuid = {736C8844-77EA-4356-A019-836B4ADCDEC5}
	EndGlobalSection
EndGlobal
