
Microsoft Visual Studio Solution File, Format Version 12.00
# Visual Studio 15
VisualStudioVersion = 15.0.26730.16
MinimumVisualStudioVersion = 10.0.40219.1
Project("{FAE04EC0-301F-11D3-BF4B-00C04F79EFBC}") = "alea", "alea\alea.csproj", "{BC2773B8-150F-40C0-887C-F709EF625C12}"
EndProject
Global
	GlobalSection(SolutionConfigurationPlatforms) = preSolution
		Debug|Any CPU = Debug|Any CPU
		Release|Any CPU = Release|Any CPU
	EndGlobalSection
	GlobalSection(ProjectConfigurationPlatforms) = postSolution
		{BC2773B8-150F-40C0-887C-F709EF625C12}.Debug|Any CPU.ActiveCfg = Debug|Any CPU
		{BC2773B8-150F-40C0-887C-F709EF625C12}.Debug|Any CPU.Build.0 = Debug|Any CPU
		{BC2773B8-150F-40C0-887C-F709EF625C12}.Release|Any CPU.ActiveCfg = Release|Any CPU
		{BC2773B8-150F-40C0-887C-F709EF625C12}.Release|Any CPU.Build.0 = Release|Any CPU
	EndGlobalSection
	GlobalSection(SolutionProperties) = preSolution
		HideSolutionNode = FALSE
	EndGlobalSection
	GlobalSection(ExtensibilityGlobals) = postSolution
		SolutionGuid = {ED17BCE8-2EFA-404A-AEC3-DC1FEB5317D4}
	EndGlobalSection
EndGlobal
