
Microsoft Visual Studio Solution File, Format Version 12.00
# Visual Studio 15
VisualStudioVersion = 15.0.26730.16
MinimumVisualStudioVersion = 10.0.40219.1
Project("{FAE04EC0-301F-11D3-BF4B-00C04F79EFBC}") = "gencoll", "gencoll\gencoll.csproj", "{B79D1E48-2E7D-4B86-B455-E14E6BF3E4FE}"
EndProject
Global
	GlobalSection(SolutionConfigurationPlatforms) = preSolution
		Debug|Any CPU = Debug|Any CPU
		Release|Any CPU = Release|Any CPU
	EndGlobalSection
	GlobalSection(ProjectConfigurationPlatforms) = postSolution
		{B79D1E48-2E7D-4B86-B455-E14E6BF3E4FE}.Debug|Any CPU.ActiveCfg = Debug|Any CPU
		{B79D1E48-2E7D-4B86-B455-E14E6BF3E4FE}.Debug|Any CPU.Build.0 = Debug|Any CPU
		{B79D1E48-2E7D-4B86-B455-E14E6BF3E4FE}.Release|Any CPU.ActiveCfg = Release|Any CPU
		{B79D1E48-2E7D-4B86-B455-E14E6BF3E4FE}.Release|Any CPU.Build.0 = Release|Any CPU
	EndGlobalSection
	GlobalSection(SolutionProperties) = preSolution
		HideSolutionNode = FALSE
	EndGlobalSection
	GlobalSection(ExtensibilityGlobals) = postSolution
		SolutionGuid = {11F8469A-4182-4453-9ABA-003BC358D8A2}
	EndGlobalSection
EndGlobal
