
Microsoft Visual Studio Solution File, Format Version 12.00
# Visual Studio Version 16
VisualStudioVersion = 16.0.29806.167
MinimumVisualStudioVersion = 10.0.40219.1
Project("{FAE04EC0-301F-11D3-BF4B-00C04F79EFBC}") = "Webappmvcdemo", "Webappmvcdemo\Webappmvcdemo.csproj", "{B15D1BFC-EF1C-44AA-A734-3C106F3DCFAD}"
EndProject
Global
	GlobalSection(SolutionConfigurationPlatforms) = preSolution
		Debug|Any CPU = Debug|Any CPU
		Release|Any CPU = Release|Any CPU
	EndGlobalSection
	GlobalSection(ProjectConfigurationPlatforms) = postSolution
		{B15D1BFC-EF1C-44AA-A734-3C106F3DCFAD}.Debug|Any CPU.ActiveCfg = Debug|Any CPU
		{B15D1BFC-EF1C-44AA-A734-3C106F3DCFAD}.Debug|Any CPU.Build.0 = Debug|Any CPU
		{B15D1BFC-EF1C-44AA-A734-3C106F3DCFAD}.Release|Any CPU.ActiveCfg = Release|Any CPU
		{B15D1BFC-EF1C-44AA-A734-3C106F3DCFAD}.Release|Any CPU.Build.0 = Release|Any CPU
	EndGlobalSection
	GlobalSection(SolutionProperties) = preSolution
		HideSolutionNode = FALSE
	EndGlobalSection
	GlobalSection(ExtensibilityGlobals) = postSolution
		SolutionGuid = {953A613B-AA53-4565-8AE5-F65796469B15}
	EndGlobalSection
EndGlobal
