
Microsoft Visual Studio Solution File, Format Version 12.00
# Visual Studio 15
VisualStudioVersion = 15.0.26730.16
MinimumVisualStudioVersion = 10.0.40219.1
Project("{FAE04EC0-301F-11D3-BF4B-00C04F79EFBC}") = "datafirst", "datafirst\datafirst.csproj", "{BBE79373-B1C4-47CA-8FF4-59AFBFA19D19}"
EndProject
Global
	GlobalSection(SolutionConfigurationPlatforms) = preSolution
		Debug|Any CPU = Debug|Any CPU
		Release|Any CPU = Release|Any CPU
	EndGlobalSection
	GlobalSection(ProjectConfigurationPlatforms) = postSolution
		{BBE79373-B1C4-47CA-8FF4-59AFBFA19D19}.Debug|Any CPU.ActiveCfg = Debug|Any CPU
		{BBE79373-B1C4-47CA-8FF4-59AFBFA19D19}.Debug|Any CPU.Build.0 = Debug|Any CPU
		{BBE79373-B1C4-47CA-8FF4-59AFBFA19D19}.Release|Any CPU.ActiveCfg = Release|Any CPU
		{BBE79373-B1C4-47CA-8FF4-59AFBFA19D19}.Release|Any CPU.Build.0 = Release|Any CPU
	EndGlobalSection
	GlobalSection(SolutionProperties) = preSolution
		HideSolutionNode = FALSE
	EndGlobalSection
	GlobalSection(ExtensibilityGlobals) = postSolution
		SolutionGuid = {D6120D09-9C53-413E-BCE3-ED1F37E58D26}
	EndGlobalSection
EndGlobal
