
Microsoft Visual Studio Solution File, Format Version 12.00
# Visual Studio 15
VisualStudioVersion = 15.0.26730.16
MinimumVisualStudioVersion = 10.0.40219.1
Project("{FAE04EC0-301F-11D3-BF4B-00C04F79EFBC}") = "override", "override\override.csproj", "{0AD129B1-8CFE-44EA-8792-5289EE28EF76}"
EndProject
Global
	GlobalSection(SolutionConfigurationPlatforms) = preSolution
		Debug|Any CPU = Debug|Any CPU
		Release|Any CPU = Release|Any CPU
	EndGlobalSection
	GlobalSection(ProjectConfigurationPlatforms) = postSolution
		{0AD129B1-8CFE-44EA-8792-5289EE28EF76}.Debug|Any CPU.ActiveCfg = Debug|Any CPU
		{0AD129B1-8CFE-44EA-8792-5289EE28EF76}.Debug|Any CPU.Build.0 = Debug|Any CPU
		{0AD129B1-8CFE-44EA-8792-5289EE28EF76}.Release|Any CPU.ActiveCfg = Release|Any CPU
		{0AD129B1-8CFE-44EA-8792-5289EE28EF76}.Release|Any CPU.Build.0 = Release|Any CPU
	EndGlobalSection
	GlobalSection(SolutionProperties) = preSolution
		HideSolutionNode = FALSE
	EndGlobalSection
	GlobalSection(ExtensibilityGlobals) = postSolution
		SolutionGuid = {5EC3F719-C552-49B9-AEB1-4B51DF107D7A}
	EndGlobalSection
EndGlobal
