
Microsoft Visual Studio Solution File, Format Version 12.00
# Visual Studio 15
VisualStudioVersion = 15.0.26730.16
MinimumVisualStudioVersion = 10.0.40219.1
Project("{FAE04EC0-301F-11D3-BF4B-00C04F79EFBC}") = "gree", "gree\gree.csproj", "{6E629DB1-6E23-45F9-9EAD-74C6E5A4479A}"
EndProject
Global
	GlobalSection(SolutionConfigurationPlatforms) = preSolution
		Debug|Any CPU = Debug|Any CPU
		Release|Any CPU = Release|Any CPU
	EndGlobalSection
	GlobalSection(ProjectConfigurationPlatforms) = postSolution
		{6E629DB1-6E23-45F9-9EAD-74C6E5A4479A}.Debug|Any CPU.ActiveCfg = Debug|Any CPU
		{6E629DB1-6E23-45F9-9EAD-74C6E5A4479A}.Debug|Any CPU.Build.0 = Debug|Any CPU
		{6E629DB1-6E23-45F9-9EAD-74C6E5A4479A}.Release|Any CPU.ActiveCfg = Release|Any CPU
		{6E629DB1-6E23-45F9-9EAD-74C6E5A4479A}.Release|Any CPU.Build.0 = Release|Any CPU
	EndGlobalSection
	GlobalSection(SolutionProperties) = preSolution
		HideSolutionNode = FALSE
	EndGlobalSection
	GlobalSection(ExtensibilityGlobals) = postSolution
		SolutionGuid = {6F4BCD74-B348-44F6-BEBD-1DE3F64AF996}
	EndGlobalSection
EndGlobal
