
Microsoft Visual Studio Solution File, Format Version 12.00
# Visual Studio 15
VisualStudioVersion = 15.0.26730.16
MinimumVisualStudioVersion = 10.0.40219.1
Project("{FAE04EC0-301F-11D3-BF4B-00C04F79EFBC}") = "cus_pro", "cus_pro\cus_pro.csproj", "{8687E117-EA92-44C9-817A-008B946C6D7D}"
EndProject
Global
	GlobalSection(SolutionConfigurationPlatforms) = preSolution
		Debug|Any CPU = Debug|Any CPU
		Release|Any CPU = Release|Any CPU
	EndGlobalSection
	GlobalSection(ProjectConfigurationPlatforms) = postSolution
		{8687E117-EA92-44C9-817A-008B946C6D7D}.Debug|Any CPU.ActiveCfg = Debug|Any CPU
		{8687E117-EA92-44C9-817A-008B946C6D7D}.Debug|Any CPU.Build.0 = Debug|Any CPU
		{8687E117-EA92-44C9-817A-008B946C6D7D}.Release|Any CPU.ActiveCfg = Release|Any CPU
		{8687E117-EA92-44C9-817A-008B946C6D7D}.Release|Any CPU.Build.0 = Release|Any CPU
	EndGlobalSection
	GlobalSection(SolutionProperties) = preSolution
		HideSolutionNode = FALSE
	EndGlobalSection
	GlobalSection(ExtensibilityGlobals) = postSolution
		SolutionGuid = {490CB527-60F4-4DE1-A87A-38DF75A81033}
	EndGlobalSection
EndGlobal
