
Microsoft Visual Studio Solution File, Format Version 12.00
# Visual Studio 15
VisualStudioVersion = 15.0.26730.16
MinimumVisualStudioVersion = 10.0.40219.1
Project("{FAE04EC0-301F-11D3-BF4B-00C04F79EFBC}") = "@abstarct", "@abstarct\@abstarct.csproj", "{0E43FE09-54AA-4420-965E-7D9963E002C8}"
EndProject
Global
	GlobalSection(SolutionConfigurationPlatforms) = preSolution
		Debug|Any CPU = Debug|Any CPU
		Release|Any CPU = Release|Any CPU
	EndGlobalSection
	GlobalSection(ProjectConfigurationPlatforms) = postSolution
		{0E43FE09-54AA-4420-965E-7D9963E002C8}.Debug|Any CPU.ActiveCfg = Debug|Any CPU
		{0E43FE09-54AA-4420-965E-7D9963E002C8}.Debug|Any CPU.Build.0 = Debug|Any CPU
		{0E43FE09-54AA-4420-965E-7D9963E002C8}.Release|Any CPU.ActiveCfg = Release|Any CPU
		{0E43FE09-54AA-4420-965E-7D9963E002C8}.Release|Any CPU.Build.0 = Release|Any CPU
	EndGlobalSection
	GlobalSection(SolutionProperties) = preSolution
		HideSolutionNode = FALSE
	EndGlobalSection
	GlobalSection(ExtensibilityGlobals) = postSolution
		SolutionGuid = {F15BE84A-60AF-443F-AC87-87ED37DCA3AC}
	EndGlobalSection
EndGlobal
