
Microsoft Visual Studio Solution File, Format Version 12.00
# Visual Studio Version 16
VisualStudioVersion = 16.0.29806.167
MinimumVisualStudioVersion = 10.0.40219.1
Project("{FAE04EC0-301F-11D3-BF4B-00C04F79EFBC}") = "Movie_Mvc2", "Movie_Mvc2\Movie_Mvc2.csproj", "{E5454D0F-FFF2-42FE-B8F7-1055A7EC7876}"
EndProject
Global
	GlobalSection(SolutionConfigurationPlatforms) = preSolution
		Debug|Any CPU = Debug|Any CPU
		Release|Any CPU = Release|Any CPU
	EndGlobalSection
	GlobalSection(ProjectConfigurationPlatforms) = postSolution
		{E5454D0F-FFF2-42FE-B8F7-1055A7EC7876}.Debug|Any CPU.ActiveCfg = Debug|Any CPU
		{E5454D0F-FFF2-42FE-B8F7-1055A7EC7876}.Debug|Any CPU.Build.0 = Debug|Any CPU
		{E5454D0F-FFF2-42FE-B8F7-1055A7EC7876}.Release|Any CPU.ActiveCfg = Release|Any CPU
		{E5454D0F-FFF2-42FE-B8F7-1055A7EC7876}.Release|Any CPU.Build.0 = Release|Any CPU
	EndGlobalSection
	GlobalSection(SolutionProperties) = preSolution
		HideSolutionNode = FALSE
	EndGlobalSection
	GlobalSection(ExtensibilityGlobals) = postSolution
		SolutionGuid = {41D21D66-D987-4136-8574-A6EC042CB15C}
	EndGlobalSection
EndGlobal
