
Microsoft Visual Studio Solution File, Format Version 12.00
# Visual Studio 15
VisualStudioVersion = 15.0.26730.16
MinimumVisualStudioVersion = 10.0.40219.1
Project("{FAE04EC0-301F-11D3-BF4B-00C04F79EFBC}") = "cp", "cp\cp.csproj", "{232DDE70-2D62-4A35-BA94-35CCC8DC0324}"
EndProject
Global
	GlobalSection(SolutionConfigurationPlatforms) = preSolution
		Debug|Any CPU = Debug|Any CPU
		Release|Any CPU = Release|Any CPU
	EndGlobalSection
	GlobalSection(ProjectConfigurationPlatforms) = postSolution
		{232DDE70-2D62-4A35-BA94-35CCC8DC0324}.Debug|Any CPU.ActiveCfg = Debug|Any CPU
		{232DDE70-2D62-4A35-BA94-35CCC8DC0324}.Debug|Any CPU.Build.0 = Debug|Any CPU
		{232DDE70-2D62-4A35-BA94-35CCC8DC0324}.Release|Any CPU.ActiveCfg = Release|Any CPU
		{232DDE70-2D62-4A35-BA94-35CCC8DC0324}.Release|Any CPU.Build.0 = Release|Any CPU
	EndGlobalSection
	GlobalSection(SolutionProperties) = preSolution
		HideSolutionNode = FALSE
	EndGlobalSection
	GlobalSection(ExtensibilityGlobals) = postSolution
		SolutionGuid = {A54618DC-C780-4EFE-80FA-2E901B9FBF8D}
	EndGlobalSection
EndGlobal
